
Microsoft Visual Studio Solution File, Format Version 12.00
# Visual Studio Version 16
VisualStudioVersion = 16.0.32602.291
MinimumVisualStudioVersion = 10.0.40219.1
Project("{FAE04EC0-301F-11D3-BF4B-00C04F79EFBC}") = "IMATP5_GROOTAERS", "IMATP5_GROOTAERS\IMATP5_GROOTAERS.csproj", "{00E3DCB3-A9E0-4723-AE02-241538B95F56}"
EndProject
Global
	GlobalSection(SolutionConfigurationPlatforms) = preSolution
		Debug|Any CPU = Debug|Any CPU
		Release|Any CPU = Release|Any CPU
	EndGlobalSection
	GlobalSection(ProjectConfigurationPlatforms) = postSolution
		{00E3DCB3-A9E0-4723-AE02-241538B95F56}.Debug|Any CPU.ActiveCfg = Debug|Any CPU
		{00E3DCB3-A9E0-4723-AE02-241538B95F56}.Debug|Any CPU.Build.0 = Debug|Any CPU
		{00E3DCB3-A9E0-4723-AE02-241538B95F56}.Release|Any CPU.ActiveCfg = Release|Any CPU
		{00E3DCB3-A9E0-4723-AE02-241538B95F56}.Release|Any CPU.Build.0 = Release|Any CPU
	EndGlobalSection
	GlobalSection(SolutionProperties) = preSolution
		HideSolutionNode = FALSE
	EndGlobalSection
	GlobalSection(ExtensibilityGlobals) = postSolution
		SolutionGuid = {5135F1BC-D2DA-4B89-8D56-B47C7AD63919}
	EndGlobalSection
EndGlobal
