
Microsoft Visual Studio Solution File, Format Version 12.00
# Visual Studio Version 16
VisualStudioVersion = 16.0.32602.291
MinimumVisualStudioVersion = 10.0.40219.1
Project("{FAE04EC0-301F-11D3-BF4B-00C04F79EFBC}") = "AppliTab", "AppliTab.csproj", "{FA18EF7E-1F63-471A-ADEE-3E488F624EFB}"
EndProject
Global
	GlobalSection(SolutionConfigurationPlatforms) = preSolution
		Debug|Any CPU = Debug|Any CPU
		Release|Any CPU = Release|Any CPU
	EndGlobalSection
	GlobalSection(ProjectConfigurationPlatforms) = postSolution
		{FA18EF7E-1F63-471A-ADEE-3E488F624EFB}.Debug|Any CPU.ActiveCfg = Debug|Any CPU
		{FA18EF7E-1F63-471A-ADEE-3E488F624EFB}.Debug|Any CPU.Build.0 = Debug|Any CPU
		{FA18EF7E-1F63-471A-ADEE-3E488F624EFB}.Release|Any CPU.ActiveCfg = Release|Any CPU
		{FA18EF7E-1F63-471A-ADEE-3E488F624EFB}.Release|Any CPU.Build.0 = Release|Any CPU
	EndGlobalSection
	GlobalSection(SolutionProperties) = preSolution
		HideSolutionNode = FALSE
	EndGlobalSection
	GlobalSection(ExtensibilityGlobals) = postSolution
		SolutionGuid = {AB95FFA9-B6CD-47B3-859C-119111A4143F}
	EndGlobalSection
EndGlobal
